
Microsoft Visual Studio Solution File, Format Version 12.00
# Visual Studio Version 16
VisualStudioVersion = 16.0.31112.23
MinimumVisualStudioVersion = 10.0.40219.1
Project("{9A19103F-16F7-4668-BE54-9A1E7A4F7556}") = "ReviewsTracker", "CommentsTracker\ReviewsTracker.csproj", "{C12B6A5D-7AA0-4034-92F9-D8115463C893}"
EndProject
Project("{FAE04EC0-301F-11D3-BF4B-00C04F79EFBC}") = "ReviewsTrackingService", "ReviewsTrackingService\ReviewsTrackingService.csproj", "{80B2C51B-8235-43C7-87D8-6BBA26CA823A}"
EndProject
Project("{FAE04EC0-301F-11D3-BF4B-00C04F79EFBC}") = "ReviewTracker.Storage", "ReviewTracker.Storage\ReviewTracker.Storage.csproj", "{0DC90B13-FDF7-4024-A8AE-CB835A2E85A1}"
EndProject
Global
	GlobalSection(SolutionConfigurationPlatforms) = preSolution
		Debug|Any CPU = Debug|Any CPU
		Release|Any CPU = Release|Any CPU
	EndGlobalSection
	GlobalSection(ProjectConfigurationPlatforms) = postSolution
		{C12B6A5D-7AA0-4034-92F9-D8115463C893}.Debug|Any CPU.ActiveCfg = Debug|Any CPU
		{C12B6A5D-7AA0-4034-92F9-D8115463C893}.Debug|Any CPU.Build.0 = Debug|Any CPU
		{C12B6A5D-7AA0-4034-92F9-D8115463C893}.Release|Any CPU.ActiveCfg = Release|Any CPU
		{C12B6A5D-7AA0-4034-92F9-D8115463C893}.Release|Any CPU.Build.0 = Release|Any CPU
		{80B2C51B-8235-43C7-87D8-6BBA26CA823A}.Debug|Any CPU.ActiveCfg = Debug|Any CPU
		{80B2C51B-8235-43C7-87D8-6BBA26CA823A}.Debug|Any CPU.Build.0 = Debug|Any CPU
		{80B2C51B-8235-43C7-87D8-6BBA26CA823A}.Release|Any CPU.ActiveCfg = Release|Any CPU
		{80B2C51B-8235-43C7-87D8-6BBA26CA823A}.Release|Any CPU.Build.0 = Release|Any CPU
		{0DC90B13-FDF7-4024-A8AE-CB835A2E85A1}.Debug|Any CPU.ActiveCfg = Debug|Any CPU
		{0DC90B13-FDF7-4024-A8AE-CB835A2E85A1}.Debug|Any CPU.Build.0 = Debug|Any CPU
		{0DC90B13-FDF7-4024-A8AE-CB835A2E85A1}.Release|Any CPU.ActiveCfg = Release|Any CPU
		{0DC90B13-FDF7-4024-A8AE-CB835A2E85A1}.Release|Any CPU.Build.0 = Release|Any CPU
	EndGlobalSection
	GlobalSection(SolutionProperties) = preSolution
		HideSolutionNode = FALSE
	EndGlobalSection
	GlobalSection(ExtensibilityGlobals) = postSolution
		SolutionGuid = {68504E5F-321F-47F8-B0DD-7A0436D64542}
	EndGlobalSection
EndGlobal
